
Microsoft Visual Studio Solution File, Format Version 12.00
# Visual Studio Version 17
VisualStudioVersion = 17.0.31512.422
MinimumVisualStudioVersion = 10.0.40219.1
Project("{9A19103F-16F7-4668-BE54-9A1E7A4F7556}") = "Prometheus", "Prometheus.csproj", "{728BB68E-E394-4B8B-A727-996FAE769A29}"
EndProject
Global
	GlobalSection(SolutionConfigurationPlatforms) = preSolution
		Debug|Any CPU = Debug|Any CPU
		Release|Any CPU = Release|Any CPU
	EndGlobalSection
	GlobalSection(ProjectConfigurationPlatforms) = postSolution
		{728BB68E-E394-4B8B-A727-996FAE769A29}.Debug|Any CPU.ActiveCfg = Debug|Any CPU
		{728BB68E-E394-4B8B-A727-996FAE769A29}.Debug|Any CPU.Build.0 = Debug|Any CPU
		{728BB68E-E394-4B8B-A727-996FAE769A29}.Release|Any CPU.ActiveCfg = Release|Any CPU
		{728BB68E-E394-4B8B-A727-996FAE769A29}.Release|Any CPU.Build.0 = Release|Any CPU
	EndGlobalSection
	GlobalSection(SolutionProperties) = preSolution
		HideSolutionNode = FALSE
	EndGlobalSection
	GlobalSection(ExtensibilityGlobals) = postSolution
		SolutionGuid = {F6221EE3-EA04-4125-8FAF-8EE903C95275}
	EndGlobalSection
EndGlobal
